
Microsoft Visual Studio Solution File, Format Version 12.00
# Visual Studio 15
Project("{FAE04EC0-301F-11D3-BF4B-00C04F79EFBC}") = "UnityEngine.UI", "UnityEngine.UI.csproj", "{C9448F8D-1F98-5E0D-09AD-01F85C436EA2}"
EndProject
Project("{FAE04EC0-301F-11D3-BF4B-00C04F79EFBC}") = "UnityEditor.UI", "UnityEditor.UI.csproj", "{942F627B-1EB5-F42C-C646-BB0A9113B797}"
EndProject
Global
	GlobalSection(SolutionConfigurationPlatforms) = preSolution
		Debug|Any CPU = Debug|Any CPU
		Release|Any CPU = Release|Any CPU
	EndGlobalSection
	GlobalSection(ProjectConfigurationPlatforms) = postSolution
		{C9448F8D-1F98-5E0D-09AD-01F85C436EA2}.Debug|Any CPU.ActiveCfg = Debug|Any CPU
		{C9448F8D-1F98-5E0D-09AD-01F85C436EA2}.Debug|Any CPU.Build.0 = Debug|Any CPU
		{C9448F8D-1F98-5E0D-09AD-01F85C436EA2}.Release|Any CPU.ActiveCfg = Release|Any CPU
		{C9448F8D-1F98-5E0D-09AD-01F85C436EA2}.Release|Any CPU.Build.0 = Release|Any CPU
		{942F627B-1EB5-F42C-C646-BB0A9113B797}.Debug|Any CPU.ActiveCfg = Debug|Any CPU
		{942F627B-1EB5-F42C-C646-BB0A9113B797}.Debug|Any CPU.Build.0 = Debug|Any CPU
		{942F627B-1EB5-F42C-C646-BB0A9113B797}.Release|Any CPU.ActiveCfg = Release|Any CPU
		{942F627B-1EB5-F42C-C646-BB0A9113B797}.Release|Any CPU.Build.0 = Release|Any CPU
	EndGlobalSection
	GlobalSection(SolutionProperties) = preSolution
		HideSolutionNode = FALSE
	EndGlobalSection
EndGlobal
